{
  "name": "entu-api-account",
  "version": "3.0.0",
  "lockfileVersion": 2,
  "requires": true,
  "packages": {
    "": {
      "name": "entu-api-account",
      "version": "3.0.0",
      "workspaces": [
        "../../../helpers"
      ]
    },
    "../../../helpers": {
      "version": "3.0.0",
      "dependencies": {
        "@aws-sdk/client-s3": "3.135.0",
        "@aws-sdk/s3-request-presigner": "3.135.0",
        "jsonwebtoken": "8.5.1",
        "lodash": "4.17.21",
        "mongodb": "4.8.0"
      }
    },
    "node_modules/entu-api-helpers": {
      "resolved": "../../../helpers",
      "link": true
    }
  },
  "dependencies": {
    "entu-api-helpers": {
      "version": "file:../../../helpers",
      "requires": {
        "@aws-sdk/client-s3": "3.135.0",
        "@aws-sdk/s3-request-presigner": "3.135.0",
        "jsonwebtoken": "8.5.1",
        "lodash": "4.17.21",
        "mongodb": "4.8.0"
      }
    }
  }
}
